
Microsoft Visual Studio Solution File, Format Version 12.00
# Visual Studio Version 17
VisualStudioVersion = 17.5.002.0
MinimumVisualStudioVersion = 10.0.40219.1
Project("{9A19103F-16F7-4668-BE54-9A1E7A4F7556}") = "UniqueList", "UniqueList\UniqueList.csproj", "{B205D034-FF29-463D-859E-E1F6D02E0226}"
EndProject
Project("{FAE04EC0-301F-11D3-BF4B-00C04F79EFBC}") = "UniqueList.Tests", "UniqueList.Tests\UniqueList.Tests.csproj", "{CA9A943F-F0A4-4CF8-B516-428A37FA7E12}"
EndProject
Global
	GlobalSection(SolutionConfigurationPlatforms) = preSolution
		Debug|Any CPU = Debug|Any CPU
		Release|Any CPU = Release|Any CPU
	EndGlobalSection
	GlobalSection(ProjectConfigurationPlatforms) = postSolution
		{B205D034-FF29-463D-859E-E1F6D02E0226}.Debug|Any CPU.ActiveCfg = Debug|Any CPU
		{B205D034-FF29-463D-859E-E1F6D02E0226}.Debug|Any CPU.Build.0 = Debug|Any CPU
		{B205D034-FF29-463D-859E-E1F6D02E0226}.Release|Any CPU.ActiveCfg = Release|Any CPU
		{B205D034-FF29-463D-859E-E1F6D02E0226}.Release|Any CPU.Build.0 = Release|Any CPU
		{CA9A943F-F0A4-4CF8-B516-428A37FA7E12}.Debug|Any CPU.ActiveCfg = Debug|Any CPU
		{CA9A943F-F0A4-4CF8-B516-428A37FA7E12}.Debug|Any CPU.Build.0 = Debug|Any CPU
		{CA9A943F-F0A4-4CF8-B516-428A37FA7E12}.Release|Any CPU.ActiveCfg = Release|Any CPU
		{CA9A943F-F0A4-4CF8-B516-428A37FA7E12}.Release|Any CPU.Build.0 = Release|Any CPU
	EndGlobalSection
	GlobalSection(SolutionProperties) = preSolution
		HideSolutionNode = FALSE
	EndGlobalSection
	GlobalSection(ExtensibilityGlobals) = postSolution
		SolutionGuid = {1545ECB0-1976-49EC-9DC3-53397891F93C}
	EndGlobalSection
EndGlobal
