
Microsoft Visual Studio Solution File, Format Version 12.00
# Visual Studio Version 17
VisualStudioVersion = 17.5.002.0
MinimumVisualStudioVersion = 10.0.40219.1
Project("{9A19103F-16F7-4668-BE54-9A1E7A4F7556}") = "Kruskal", "Kruskal\Kruskal.csproj", "{AA0C56B2-39E9-4A9C-A4B7-21E71AD61030}"
EndProject
Project("{FAE04EC0-301F-11D3-BF4B-00C04F79EFBC}") = "Kruskal.Tests", "Kruskal.Tests\Kruskal.Tests.csproj", "{B40BEA39-DB9E-4732-8ACF-786C19317A7E}"
EndProject
Project("{FAE04EC0-301F-11D3-BF4B-00C04F79EFBC}") = "ConsoleApplication", "ConsoleApplication\ConsoleApplication.csproj", "{46ABFE84-28AE-43A2-9B91-66D7AFD500F1}"
EndProject
Global
	GlobalSection(SolutionConfigurationPlatforms) = preSolution
		Debug|Any CPU = Debug|Any CPU
		Release|Any CPU = Release|Any CPU
	EndGlobalSection
	GlobalSection(ProjectConfigurationPlatforms) = postSolution
		{AA0C56B2-39E9-4A9C-A4B7-21E71AD61030}.Debug|Any CPU.ActiveCfg = Debug|Any CPU
		{AA0C56B2-39E9-4A9C-A4B7-21E71AD61030}.Debug|Any CPU.Build.0 = Debug|Any CPU
		{AA0C56B2-39E9-4A9C-A4B7-21E71AD61030}.Release|Any CPU.ActiveCfg = Release|Any CPU
		{AA0C56B2-39E9-4A9C-A4B7-21E71AD61030}.Release|Any CPU.Build.0 = Release|Any CPU
		{B40BEA39-DB9E-4732-8ACF-786C19317A7E}.Debug|Any CPU.ActiveCfg = Debug|Any CPU
		{B40BEA39-DB9E-4732-8ACF-786C19317A7E}.Debug|Any CPU.Build.0 = Debug|Any CPU
		{B40BEA39-DB9E-4732-8ACF-786C19317A7E}.Release|Any CPU.ActiveCfg = Release|Any CPU
		{B40BEA39-DB9E-4732-8ACF-786C19317A7E}.Release|Any CPU.Build.0 = Release|Any CPU
		{46ABFE84-28AE-43A2-9B91-66D7AFD500F1}.Debug|Any CPU.ActiveCfg = Debug|Any CPU
		{46ABFE84-28AE-43A2-9B91-66D7AFD500F1}.Debug|Any CPU.Build.0 = Debug|Any CPU
		{46ABFE84-28AE-43A2-9B91-66D7AFD500F1}.Release|Any CPU.ActiveCfg = Release|Any CPU
		{46ABFE84-28AE-43A2-9B91-66D7AFD500F1}.Release|Any CPU.Build.0 = Release|Any CPU
	EndGlobalSection
	GlobalSection(SolutionProperties) = preSolution
		HideSolutionNode = FALSE
	EndGlobalSection
	GlobalSection(ExtensibilityGlobals) = postSolution
		SolutionGuid = {DA6BF93C-2893-4A26-B222-B08DEFD70A3B}
	EndGlobalSection
EndGlobal
